
Microsoft Visual Studio Solution File, Format Version 12.00
# Visual Studio Version 17
VisualStudioVersion = 17.5.002.0
MinimumVisualStudioVersion = 10.0.40219.1
Project("{9A19103F-16F7-4668-BE54-9A1E7A4F7556}") = "OnlineAdvertisement", "OnlineAdvertisement.csproj", "{2FCCEE59-EE21-4F75-BD31-6BF1AC8BE0FD}"
EndProject
Global
	GlobalSection(SolutionConfigurationPlatforms) = preSolution
		Debug|Any CPU = Debug|Any CPU
		Release|Any CPU = Release|Any CPU
	EndGlobalSection
	GlobalSection(ProjectConfigurationPlatforms) = postSolution
		{2FCCEE59-EE21-4F75-BD31-6BF1AC8BE0FD}.Debug|Any CPU.ActiveCfg = Debug|Any CPU
		{2FCCEE59-EE21-4F75-BD31-6BF1AC8BE0FD}.Debug|Any CPU.Build.0 = Debug|Any CPU
		{2FCCEE59-EE21-4F75-BD31-6BF1AC8BE0FD}.Release|Any CPU.ActiveCfg = Release|Any CPU
		{2FCCEE59-EE21-4F75-BD31-6BF1AC8BE0FD}.Release|Any CPU.Build.0 = Release|Any CPU
	EndGlobalSection
	GlobalSection(SolutionProperties) = preSolution
		HideSolutionNode = FALSE
	EndGlobalSection
	GlobalSection(ExtensibilityGlobals) = postSolution
		SolutionGuid = {ACBB6215-7917-4F30-95B6-72F8DE579341}
	EndGlobalSection
EndGlobal
